
Microsoft Visual Studio Solution File, Format Version 12.00
# Visual Studio Version 17
VisualStudioVersion = 17.14.36717.8
MinimumVisualStudioVersion = 10.0.40219.1
Project("{FAE04EC0-301F-11D3-BF4B-00C04F79EFBC}") = "unitystudy", "unitystudy.csproj", "{645DB6E5-DE6C-47E5-9D43-BFEEFC643596}"
EndProject
Project("{FAE04EC0-301F-11D3-BF4B-00C04F79EFBC}") = "가위바위보", "가위바위보\가위바위보.csproj", "{28DEB83F-DD0E-45BB-972D-E8FCE148AA6F}"
EndProject
Project("{FAE04EC0-301F-11D3-BF4B-00C04F79EFBC}") = "구구단", "..\구구단\구구단.csproj", "{6AC1EF1B-C970-4EAC-8B74-6C1AB4CF4C4A}"
EndProject
Global
	GlobalSection(SolutionConfigurationPlatforms) = preSolution
		Debug|Any CPU = Debug|Any CPU
		Release|Any CPU = Release|Any CPU
	EndGlobalSection
	GlobalSection(ProjectConfigurationPlatforms) = postSolution
		{645DB6E5-DE6C-47E5-9D43-BFEEFC643596}.Debug|Any CPU.ActiveCfg = Debug|Any CPU
		{645DB6E5-DE6C-47E5-9D43-BFEEFC643596}.Debug|Any CPU.Build.0 = Debug|Any CPU
		{645DB6E5-DE6C-47E5-9D43-BFEEFC643596}.Release|Any CPU.ActiveCfg = Release|Any CPU
		{645DB6E5-DE6C-47E5-9D43-BFEEFC643596}.Release|Any CPU.Build.0 = Release|Any CPU
		{28DEB83F-DD0E-45BB-972D-E8FCE148AA6F}.Debug|Any CPU.ActiveCfg = Debug|Any CPU
		{28DEB83F-DD0E-45BB-972D-E8FCE148AA6F}.Debug|Any CPU.Build.0 = Debug|Any CPU
		{28DEB83F-DD0E-45BB-972D-E8FCE148AA6F}.Release|Any CPU.ActiveCfg = Release|Any CPU
		{28DEB83F-DD0E-45BB-972D-E8FCE148AA6F}.Release|Any CPU.Build.0 = Release|Any CPU
		{6AC1EF1B-C970-4EAC-8B74-6C1AB4CF4C4A}.Debug|Any CPU.ActiveCfg = Debug|Any CPU
		{6AC1EF1B-C970-4EAC-8B74-6C1AB4CF4C4A}.Debug|Any CPU.Build.0 = Debug|Any CPU
		{6AC1EF1B-C970-4EAC-8B74-6C1AB4CF4C4A}.Release|Any CPU.ActiveCfg = Release|Any CPU
		{6AC1EF1B-C970-4EAC-8B74-6C1AB4CF4C4A}.Release|Any CPU.Build.0 = Release|Any CPU
	EndGlobalSection
	GlobalSection(SolutionProperties) = preSolution
		HideSolutionNode = FALSE
	EndGlobalSection
	GlobalSection(ExtensibilityGlobals) = postSolution
		SolutionGuid = {4B401906-DCFF-4630-B0C1-291F8936984F}
	EndGlobalSection
EndGlobal
